
Microsoft Visual Studio Solution File, Format Version 12.00
# Visual Studio Version 17
VisualStudioVersion = 17.6.33829.357
MinimumVisualStudioVersion = 10.0.40219.1
Project("{FAE04EC0-301F-11D3-BF4B-00C04F79EFBC}") = "AtividadeAguia", "AtividadeAguia\AtividadeAguia.csproj", "{0ABA4CF6-1536-499B-A8A3-DA0B25DA8FD6}"
EndProject
Global
	GlobalSection(SolutionConfigurationPlatforms) = preSolution
		Debug|Any CPU = Debug|Any CPU
		Release|Any CPU = Release|Any CPU
	EndGlobalSection
	GlobalSection(ProjectConfigurationPlatforms) = postSolution
		{0ABA4CF6-1536-499B-A8A3-DA0B25DA8FD6}.Debug|Any CPU.ActiveCfg = Debug|Any CPU
		{0ABA4CF6-1536-499B-A8A3-DA0B25DA8FD6}.Debug|Any CPU.Build.0 = Debug|Any CPU
		{0ABA4CF6-1536-499B-A8A3-DA0B25DA8FD6}.Release|Any CPU.ActiveCfg = Release|Any CPU
		{0ABA4CF6-1536-499B-A8A3-DA0B25DA8FD6}.Release|Any CPU.Build.0 = Release|Any CPU
	EndGlobalSection
	GlobalSection(SolutionProperties) = preSolution
		HideSolutionNode = FALSE
	EndGlobalSection
	GlobalSection(ExtensibilityGlobals) = postSolution
		SolutionGuid = {66312CF7-181E-4638-A8B6-79CA228F5103}
	EndGlobalSection
EndGlobal
