
Microsoft Visual Studio Solution File, Format Version 12.00
# Visual Studio Version 17
VisualStudioVersion = 17.6.33829.357
MinimumVisualStudioVersion = 10.0.40219.1
Project("{FAE04EC0-301F-11D3-BF4B-00C04F79EFBC}") = "AtividadeCORUJA", "AtividadeCORUJA\AtividadeCORUJA.csproj", "{C06C2185-2210-42B4-9DF6-C74972DB528C}"
EndProject
Global
	GlobalSection(SolutionConfigurationPlatforms) = preSolution
		Debug|Any CPU = Debug|Any CPU
		Release|Any CPU = Release|Any CPU
	EndGlobalSection
	GlobalSection(ProjectConfigurationPlatforms) = postSolution
		{C06C2185-2210-42B4-9DF6-C74972DB528C}.Debug|Any CPU.ActiveCfg = Debug|Any CPU
		{C06C2185-2210-42B4-9DF6-C74972DB528C}.Debug|Any CPU.Build.0 = Debug|Any CPU
		{C06C2185-2210-42B4-9DF6-C74972DB528C}.Release|Any CPU.ActiveCfg = Release|Any CPU
		{C06C2185-2210-42B4-9DF6-C74972DB528C}.Release|Any CPU.Build.0 = Release|Any CPU
	EndGlobalSection
	GlobalSection(SolutionProperties) = preSolution
		HideSolutionNode = FALSE
	EndGlobalSection
	GlobalSection(ExtensibilityGlobals) = postSolution
		SolutionGuid = {98827A58-7BF1-4A39-93A8-043AA089F7B2}
	EndGlobalSection
EndGlobal
